{
  "requires": true,
  "lockfileVersion": 1,
  "dependencies": {
    "gitbook-plugin-flexible-alerts": {
      "version": "1.0.3",
      "resolved": "https://registry.npmjs.org/gitbook-plugin-flexible-alerts/-/gitbook-plugin-flexible-alerts-1.0.3.tgz",
      "integrity": "sha512-81hXO9fIN4MYkRQ2D56kaNh4XQ/ztjQQQijB0cwXXqTbaLkpo+2P56BH6THRBMApxpFe5S9Q6X5YhTHkMyhHNw=="
    }
  }
}
